
Microsoft Visual Studio Solution File, Format Version 12.00
# Visual Studio Version 16
VisualStudioVersion = 16.0.29403.142
MinimumVisualStudioVersion = 10.0.40219.1
Project("{9A19103F-16F7-4668-BE54-9A1E7A4F7556}") = "KeylessEntityTypes", "KeylessEntityTypes\KeylessEntityTypes.csproj", "{4EE13A47-2E48-41B2-9F76-D444DC81E8A2}"
EndProject
Project("{9A19103F-16F7-4668-BE54-9A1E7A4F7556}") = "DefiningQueries", "DefiningQueries\DefiningQueries.csproj", "{BF4843C5-0517-4D88-BDE3-27126F63CF3C}"
EndProject
Project("{9A19103F-16F7-4668-BE54-9A1E7A4F7556}") = "QueryTags", "QueryTags\QueryTags.csproj", "{8D2AC70C-3F33-45B5-8247-331A70C3D5D1}"
EndProject
Project("{9A19103F-16F7-4668-BE54-9A1E7A4F7556}") = "AsNoTracking.DefaultQueryTrackingBehavior", "AsNoTracking\AsNoTracking.DefaultQueryTrackingBehavior\AsNoTracking.DefaultQueryTrackingBehavior.csproj", "{B510FDC7-0EF8-4785-852C-B94DDB2B32E6}"
EndProject
Project("{9A19103F-16F7-4668-BE54-9A1E7A4F7556}") = "AsNoTracking.PerQuery", "AsNoTracking\AsNoTracking.PerQuery\AsNoTracking.PerQuery.csproj", "{BA1AEF16-40BD-49F9-BA1B-12FD4BADDCFD}"
EndProject
Project("{9A19103F-16F7-4668-BE54-9A1E7A4F7556}") = "AsNoTracking.QueryTrackingBehaviorNoTracking", "AsNoTracking\AsNoTracking.QueryTrackingBehaviorNoTracking\AsNoTracking.QueryTrackingBehaviorNoTracking.csproj", "{4BFCFA36-E28A-434D-90EA-E60EC24CAD5A}"
EndProject
Project("{9A19103F-16F7-4668-BE54-9A1E7A4F7556}") = "PersistingAndConstructingEntities.BackingFields", "PersistingAndConstructingEntities\PersistingAndConstructingEntities.BackingFields\PersistingAndConstructingEntities.BackingFields.csproj", "{EF71A480-22FB-4217-9571-B02245B3EF48}"
EndProject
Project("{9A19103F-16F7-4668-BE54-9A1E7A4F7556}") = "PersistingAndConstructingEntities.EntityConstructors", "PersistingAndConstructingEntities\PersistingAndConstructingEntities.EntityConstructors\PersistingAndConstructingEntities.EntityConstructors.csproj", "{39CA4857-0A38-4044-AD88-B6423865B944}"
EndProject
Project("{9A19103F-16F7-4668-BE54-9A1E7A4F7556}") = "ValueConversions.BooleanConverters", "ValueConversions\ValueConversions.BooleanConverters\ValueConversions.BooleanConverters.csproj", "{D00BFE1B-4CD9-45FB-8499-911819E903A1}"
EndProject
Global
	GlobalSection(SolutionConfigurationPlatforms) = preSolution
		Debug|Any CPU = Debug|Any CPU
		Release|Any CPU = Release|Any CPU
	EndGlobalSection
	GlobalSection(ProjectConfigurationPlatforms) = postSolution
		{4EE13A47-2E48-41B2-9F76-D444DC81E8A2}.Debug|Any CPU.ActiveCfg = Debug|Any CPU
		{4EE13A47-2E48-41B2-9F76-D444DC81E8A2}.Debug|Any CPU.Build.0 = Debug|Any CPU
		{4EE13A47-2E48-41B2-9F76-D444DC81E8A2}.Release|Any CPU.ActiveCfg = Release|Any CPU
		{4EE13A47-2E48-41B2-9F76-D444DC81E8A2}.Release|Any CPU.Build.0 = Release|Any CPU
		{BF4843C5-0517-4D88-BDE3-27126F63CF3C}.Debug|Any CPU.ActiveCfg = Debug|Any CPU
		{BF4843C5-0517-4D88-BDE3-27126F63CF3C}.Debug|Any CPU.Build.0 = Debug|Any CPU
		{BF4843C5-0517-4D88-BDE3-27126F63CF3C}.Release|Any CPU.ActiveCfg = Release|Any CPU
		{BF4843C5-0517-4D88-BDE3-27126F63CF3C}.Release|Any CPU.Build.0 = Release|Any CPU
		{8D2AC70C-3F33-45B5-8247-331A70C3D5D1}.Debug|Any CPU.ActiveCfg = Debug|Any CPU
		{8D2AC70C-3F33-45B5-8247-331A70C3D5D1}.Debug|Any CPU.Build.0 = Debug|Any CPU
		{8D2AC70C-3F33-45B5-8247-331A70C3D5D1}.Release|Any CPU.ActiveCfg = Release|Any CPU
		{8D2AC70C-3F33-45B5-8247-331A70C3D5D1}.Release|Any CPU.Build.0 = Release|Any CPU
		{B510FDC7-0EF8-4785-852C-B94DDB2B32E6}.Debug|Any CPU.ActiveCfg = Debug|Any CPU
		{B510FDC7-0EF8-4785-852C-B94DDB2B32E6}.Debug|Any CPU.Build.0 = Debug|Any CPU
		{B510FDC7-0EF8-4785-852C-B94DDB2B32E6}.Release|Any CPU.ActiveCfg = Release|Any CPU
		{B510FDC7-0EF8-4785-852C-B94DDB2B32E6}.Release|Any CPU.Build.0 = Release|Any CPU
		{BA1AEF16-40BD-49F9-BA1B-12FD4BADDCFD}.Debug|Any CPU.ActiveCfg = Debug|Any CPU
		{BA1AEF16-40BD-49F9-BA1B-12FD4BADDCFD}.Debug|Any CPU.Build.0 = Debug|Any CPU
		{BA1AEF16-40BD-49F9-BA1B-12FD4BADDCFD}.Release|Any CPU.ActiveCfg = Release|Any CPU
		{BA1AEF16-40BD-49F9-BA1B-12FD4BADDCFD}.Release|Any CPU.Build.0 = Release|Any CPU
		{4BFCFA36-E28A-434D-90EA-E60EC24CAD5A}.Debug|Any CPU.ActiveCfg = Debug|Any CPU
		{4BFCFA36-E28A-434D-90EA-E60EC24CAD5A}.Debug|Any CPU.Build.0 = Debug|Any CPU
		{4BFCFA36-E28A-434D-90EA-E60EC24CAD5A}.Release|Any CPU.ActiveCfg = Release|Any CPU
		{4BFCFA36-E28A-434D-90EA-E60EC24CAD5A}.Release|Any CPU.Build.0 = Release|Any CPU
		{EF71A480-22FB-4217-9571-B02245B3EF48}.Debug|Any CPU.ActiveCfg = Debug|Any CPU
		{EF71A480-22FB-4217-9571-B02245B3EF48}.Debug|Any CPU.Build.0 = Debug|Any CPU
		{EF71A480-22FB-4217-9571-B02245B3EF48}.Release|Any CPU.ActiveCfg = Release|Any CPU
		{EF71A480-22FB-4217-9571-B02245B3EF48}.Release|Any CPU.Build.0 = Release|Any CPU
		{39CA4857-0A38-4044-AD88-B6423865B944}.Debug|Any CPU.ActiveCfg = Debug|Any CPU
		{39CA4857-0A38-4044-AD88-B6423865B944}.Debug|Any CPU.Build.0 = Debug|Any CPU
		{39CA4857-0A38-4044-AD88-B6423865B944}.Release|Any CPU.ActiveCfg = Release|Any CPU
		{39CA4857-0A38-4044-AD88-B6423865B944}.Release|Any CPU.Build.0 = Release|Any CPU
		{D00BFE1B-4CD9-45FB-8499-911819E903A1}.Debug|Any CPU.ActiveCfg = Debug|Any CPU
		{D00BFE1B-4CD9-45FB-8499-911819E903A1}.Debug|Any CPU.Build.0 = Debug|Any CPU
		{D00BFE1B-4CD9-45FB-8499-911819E903A1}.Release|Any CPU.ActiveCfg = Release|Any CPU
		{D00BFE1B-4CD9-45FB-8499-911819E903A1}.Release|Any CPU.Build.0 = Release|Any CPU
	EndGlobalSection
	GlobalSection(SolutionProperties) = preSolution
		HideSolutionNode = FALSE
	EndGlobalSection
	GlobalSection(ExtensibilityGlobals) = postSolution
		SolutionGuid = {06C3D1F1-A967-4DFA-9235-19C3F2C801CD}
	EndGlobalSection
EndGlobal
